// !$*UTF8*$!
{
	archiveVersion = 1;
	classes = {
	};
	objectVersion = 46;
	objects = {

/* Begin PBXBuildFile section */
		34E588F51E10D0B30015DE9E /* main.m in Sources */ = {isa = PBXBuildFile; fileRef = 34E588F41E10D0B30015DE9E /* main.m */; };
		34E588F81E10D0B30015DE9E /* AppDelegate.m in Sources */ = {isa = PBXBuildFile; fileRef = 34E588F71E10D0B30015DE9E /* AppDelegate.m */; };
		34E588FB1E10D0B30015DE9E /* ViewController.m in Sources */ = {isa = PBXBuildFile; fileRef = 34E588FA1E10D0B30015DE9E /* ViewController.m */; };
		34E588FE1E10D0B30015DE9E /* Main.storyboard in Resources */ = {isa = PBXBuildFile; fileRef = 34E588FC1E10D0B30015DE9E /* Main.storyboard */; };
		34E589001E10D0B30015DE9E /* Assets.xcassets in Resources */ = {isa = PBXBuildFile; fileRef = 34E588FF1E10D0B30015DE9E /* Assets.xcassets */; };
		34E589031E10D0B30015DE9E /* LaunchScreen.storyboard in Resources */ = {isa = PBXBuildFile; fileRef = 34E589011E10D0B30015DE9E /* LaunchScreen.storyboard */; };
		34E589101E10D13C0015DE9E /* Interface.storyboard in Resources */ = {isa = PBXBuildFile; fileRef = 34E5890E1E10D13C0015DE9E /* Interface.storyboard */; };
		34E589121E10D13C0015DE9E /* Assets.xcassets in Resources */ = {isa = PBXBuildFile; fileRef = 34E589111E10D13C0015DE9E /* Assets.xcassets */; };
		34E589191E10D13C0015DE9E /* Demo Watch Extension.appex in Embed App Extensions */ = {isa = PBXBuildFile; fileRef = 34E589181E10D13C0015DE9E /* Demo Watch Extension.appex */; settings = {ATTRIBUTES = (RemoveHeadersOnCopy, ); }; };
		34E5891F1E10D13C0015DE9E /* InterfaceController.m in Sources */ = {isa = PBXBuildFile; fileRef = 34E5891E1E10D13C0015DE9E /* InterfaceController.m */; };
		34E589221E10D13C0015DE9E /* ExtensionDelegate.m in Sources */ = {isa = PBXBuildFile; fileRef = 34E589211E10D13C0015DE9E /* ExtensionDelegate.m */; };
		34E589241E10D13C0015DE9E /* Assets.xcassets in Resources */ = {isa = PBXBuildFile; fileRef = 34E589231E10D13C0015DE9E /* Assets.xcassets */; };
		34E589281E10D13C0015DE9E /* Demo Watch.app in Embed Watch Content */ = {isa = PBXBuildFile; fileRef = 34E5890C1E10D13C0015DE9E /* Demo Watch.app */; };
		34E589381E10D1740015DE9E /* NotificationCenter.framework in Frameworks */ = {isa = PBXBuildFile; fileRef = 34E589371E10D1740015DE9E /* NotificationCenter.framework */; };
		34E5893C1E10D1740015DE9E /* TodayViewController.m in Sources */ = {isa = PBXBuildFile; fileRef = 34E5893B1E10D1740015DE9E /* TodayViewController.m */; };
		34E5893F1E10D1740015DE9E /* MainInterface.storyboard in Resources */ = {isa = PBXBuildFile; fileRef = 34E5893D1E10D1740015DE9E /* MainInterface.storyboard */; };
		34E589431E10D1740015DE9E /* Demo Today.appex in Embed App Extensions */ = {isa = PBXBuildFile; fileRef = 34E589351E10D1740015DE9E /* Demo Today.appex */; settings = {ATTRIBUTES = (RemoveHeadersOnCopy, ); }; };
/* End PBXBuildFile section */

/* Begin PBXContainerItemProxy section */
		34E5891A1E10D13C0015DE9E /* PBXContainerItemProxy */ = {
			isa = PBXContainerItemProxy;
			containerPortal = 34E588E81E10D0B30015DE9E /* Project object */;
			proxyType = 1;
			remoteGlobalIDString = 34E589171E10D13C0015DE9E;
			remoteInfo = "Demo Watch Extension";
		};
		34E589261E10D13C0015DE9E /* PBXContainerItemProxy */ = {
			isa = PBXContainerItemProxy;
			containerPortal = 34E588E81E10D0B30015DE9E /* Project object */;
			proxyType = 1;
			remoteGlobalIDString = 34E5890B1E10D13C0015DE9E;
			remoteInfo = "Demo Watch";
		};
		34E589411E10D1740015DE9E /* PBXContainerItemProxy */ = {
			isa = PBXContainerItemProxy;
			containerPortal = 34E588E81E10D0B30015DE9E /* Project object */;
			proxyType = 1;
			remoteGlobalIDString = 34E589341E10D1740015DE9E;
			remoteInfo = "Demo Today";
		};
/* End PBXContainerItemProxy section */

/* Begin PBXCopyFilesBuildPhase section */
		34E5892C1E10D13C0015DE9E /* Embed App Extensions */ = {
			isa = PBXCopyFilesBuildPhase;
			buildActionMask = 2147483647;
			dstPath = "";
			dstSubfolderSpec = 13;
			files = (
				34E589191E10D13C0015DE9E /* Demo Watch Extension.appex in Embed App Extensions */,
			);
			name = "Embed App Extensions";
			runOnlyForDeploymentPostprocessing = 0;
		};
		34E589301E10D13C0015DE9E /* Embed Watch Content */ = {
			isa = PBXCopyFilesBuildPhase;
			buildActionMask = 2147483647;
			dstPath = "$(CONTENTS_FOLDER_PATH)/Watch";
			dstSubfolderSpec = 16;
			files = (
				34E589281E10D13C0015DE9E /* Demo Watch.app in Embed Watch Content */,
			);
			name = "Embed Watch Content";
			runOnlyForDeploymentPostprocessing = 0;
		};
		34E589471E10D1740015DE9E /* Embed App Extensions */ = {
			isa = PBXCopyFilesBuildPhase;
			buildActionMask = 2147483647;
			dstPath = "";
			dstSubfolderSpec = 13;
			files = (
				34E589431E10D1740015DE9E /* Demo Today.appex in Embed App Extensions */,
			);
			name = "Embed App Extensions";
			runOnlyForDeploymentPostprocessing = 0;
		};
/* End PBXCopyFilesBuildPhase section */

/* Begin PBXFileReference section */
		34E588F01E10D0B30015DE9E /* Demo.app */ = {isa = PBXFileReference; explicitFileType = wrapper.application; includeInIndex = 0; path = Demo.app; sourceTree = BUILT_PRODUCTS_DIR; };
		34E588F41E10D0B30015DE9E /* main.m */ = {isa = PBXFileReference; lastKnownFileType = sourcecode.c.objc; path = main.m; sourceTree = "<group>"; };
		34E588F61E10D0B30015DE9E /* AppDelegate.h */ = {isa = PBXFileReference; lastKnownFileType = sourcecode.c.h; path = AppDelegate.h; sourceTree = "<group>"; };
		34E588F71E10D0B30015DE9E /* AppDelegate.m */ = {isa = PBXFileReference; lastKnownFileType = sourcecode.c.objc; path = AppDelegate.m; sourceTree = "<group>"; };
		34E588F91E10D0B30015DE9E /* ViewController.h */ = {isa = PBXFileReference; lastKnownFileType = sourcecode.c.h; path = ViewController.h; sourceTree = "<group>"; };
		34E588FA1E10D0B30015DE9E /* ViewController.m */ = {isa = PBXFileReference; lastKnownFileType = sourcecode.c.objc; path = ViewController.m; sourceTree = "<group>"; };
		34E588FD1E10D0B30015DE9E /* Base */ = {isa = PBXFileReference; lastKnownFileType = file.storyboard; name = Base; path = Base.lproj/Main.storyboard; sourceTree = "<group>"; };
		34E588FF1E10D0B30015DE9E /* Assets.xcassets */ = {isa = PBXFileReference; lastKnownFileType = folder.assetcatalog; path = Assets.xcassets; sourceTree = "<group>"; };
		34E589021E10D0B30015DE9E /* Base */ = {isa = PBXFileReference; lastKnownFileType = file.storyboard; name = Base; path = Base.lproj/LaunchScreen.storyboard; sourceTree = "<group>"; };
		34E589041E10D0B30015DE9E /* Info.plist */ = {isa = PBXFileReference; lastKnownFileType = text.plist.xml; path = Info.plist; sourceTree = "<group>"; };
		34E5890C1E10D13C0015DE9E /* Demo Watch.app */ = {isa = PBXFileReference; explicitFileType = wrapper.application; includeInIndex = 0; path = "Demo Watch.app"; sourceTree = BUILT_PRODUCTS_DIR; };
		34E5890F1E10D13C0015DE9E /* Base */ = {isa = PBXFileReference; lastKnownFileType = file.storyboard; name = Base; path = Base.lproj/Interface.storyboard; sourceTree = "<group>"; };
		34E589111E10D13C0015DE9E /* Assets.xcassets */ = {isa = PBXFileReference; lastKnownFileType = folder.assetcatalog; path = Assets.xcassets; sourceTree = "<group>"; };
		34E589131E10D13C0015DE9E /* Info.plist */ = {isa = PBXFileReference; lastKnownFileType = text.plist.xml; path = Info.plist; sourceTree = "<group>"; };
		34E589181E10D13C0015DE9E /* Demo Watch Extension.appex */ = {isa = PBXFileReference; explicitFileType = "wrapper.app-extension"; includeInIndex = 0; path = "Demo Watch Extension.appex"; sourceTree = BUILT_PRODUCTS_DIR; };
		34E5891D1E10D13C0015DE9E /* InterfaceController.h */ = {isa = PBXFileReference; lastKnownFileType = sourcecode.c.h; path = InterfaceController.h; sourceTree = "<group>"; };
		34E5891E1E10D13C0015DE9E /* InterfaceController.m */ = {isa = PBXFileReference; lastKnownFileType = sourcecode.c.objc; path = InterfaceController.m; sourceTree = "<group>"; };
		34E589201E10D13C0015DE9E /* ExtensionDelegate.h */ = {isa = PBXFileReference; lastKnownFileType = sourcecode.c.h; path = ExtensionDelegate.h; sourceTree = "<group>"; };
		34E589211E10D13C0015DE9E /* ExtensionDelegate.m */ = {isa = PBXFileReference; lastKnownFileType = sourcecode.c.objc; path = ExtensionDelegate.m; sourceTree = "<group>"; };
		34E589231E10D13C0015DE9E /* Assets.xcassets */ = {isa = PBXFileReference; lastKnownFileType = folder.assetcatalog; path = Assets.xcassets; sourceTree = "<group>"; };
		34E589251E10D13C0015DE9E /* Info.plist */ = {isa = PBXFileReference; lastKnownFileType = text.plist.xml; path = Info.plist; sourceTree = "<group>"; };
		34E589351E10D1740015DE9E /* Demo Today.appex */ = {isa = PBXFileReference; explicitFileType = "wrapper.app-extension"; includeInIndex = 0; path = "Demo Today.appex"; sourceTree = BUILT_PRODUCTS_DIR; };
		34E589371E10D1740015DE9E /* NotificationCenter.framework */ = {isa = PBXFileReference; lastKnownFileType = wrapper.framework; name = NotificationCenter.framework; path = System/Library/Frameworks/NotificationCenter.framework; sourceTree = SDKROOT; };
		34E5893A1E10D1740015DE9E /* TodayViewController.h */ = {isa = PBXFileReference; lastKnownFileType = sourcecode.c.h; path = TodayViewController.h; sourceTree = "<group>"; };
		34E5893B1E10D1740015DE9E /* TodayViewController.m */ = {isa = PBXFileReference; lastKnownFileType = sourcecode.c.objc; path = TodayViewController.m; sourceTree = "<group>"; };
		34E5893E1E10D1740015DE9E /* Base */ = {isa = PBXFileReference; lastKnownFileType = file.storyboard; name = Base; path = Base.lproj/MainInterface.storyboard; sourceTree = "<group>"; };
		34E589401E10D1740015DE9E /* Info.plist */ = {isa = PBXFileReference; lastKnownFileType = text.plist.xml; path = Info.plist; sourceTree = "<group>"; };
/* End PBXFileReference section */

/* Begin PBXFrameworksBuildPhase section */
		34E588ED1E10D0B30015DE9E /* Frameworks */ = {
			isa = PBXFrameworksBuildPhase;
			buildActionMask = 2147483647;
			files = (
			);
			runOnlyForDeploymentPostprocessing = 0;
		};
		34E589151E10D13C0015DE9E /* Frameworks */ = {
			isa = PBXFrameworksBuildPhase;
			buildActionMask = 2147483647;
			files = (
			);
			runOnlyForDeploymentPostprocessing = 0;
		};
		34E589321E10D1740015DE9E /* Frameworks */ = {
			isa = PBXFrameworksBuildPhase;
			buildActionMask = 2147483647;
			files = (
				34E589381E10D1740015DE9E /* NotificationCenter.framework in Frameworks */,
			);
			runOnlyForDeploymentPostprocessing = 0;
		};
/* End PBXFrameworksBuildPhase section */

/* Begin PBXGroup section */
		34E588E71E10D0B30015DE9E = {
			isa = PBXGroup;
			children = (
				34E588F21E10D0B30015DE9E /* Demo */,
				34E5890D1E10D13C0015DE9E /* Demo Watch */,
				34E5891C1E10D13C0015DE9E /* Demo Watch Extension */,
				34E589391E10D1740015DE9E /* Demo Today */,
				34E589361E10D1740015DE9E /* Frameworks */,
				34E588F11E10D0B30015DE9E /* Products */,
			);
			sourceTree = "<group>";
		};
		34E588F11E10D0B30015DE9E /* Products */ = {
			isa = PBXGroup;
			children = (
				34E588F01E10D0B30015DE9E /* Demo.app */,
				34E5890C1E10D13C0015DE9E /* Demo Watch.app */,
				34E589181E10D13C0015DE9E /* Demo Watch Extension.appex */,
				34E589351E10D1740015DE9E /* Demo Today.appex */,
			);
			name = Products;
			sourceTree = "<group>";
		};
		34E588F21E10D0B30015DE9E /* Demo */ = {
			isa = PBXGroup;
			children = (
				34E588F61E10D0B30015DE9E /* AppDelegate.h */,
				34E588F71E10D0B30015DE9E /* AppDelegate.m */,
				34E588F91E10D0B30015DE9E /* ViewController.h */,
				34E588FA1E10D0B30015DE9E /* ViewController.m */,
				34E588FC1E10D0B30015DE9E /* Main.storyboard */,
				34E588FF1E10D0B30015DE9E /* Assets.xcassets */,
				34E589011E10D0B30015DE9E /* LaunchScreen.storyboard */,
				34E589041E10D0B30015DE9E /* Info.plist */,
				34E588F31E10D0B30015DE9E /* Supporting Files */,
			);
			path = Demo;
			sourceTree = "<group>";
		};
		34E588F31E10D0B30015DE9E /* Supporting Files */ = {
			isa = PBXGroup;
			children = (
				34E588F41E10D0B30015DE9E /* main.m */,
			);
			name = "Supporting Files";
			sourceTree = "<group>";
		};
		34E5890D1E10D13C0015DE9E /* Demo Watch */ = {
			isa = PBXGroup;
			children = (
				34E5890E1E10D13C0015DE9E /* Interface.storyboard */,
				34E589111E10D13C0015DE9E /* Assets.xcassets */,
				34E589131E10D13C0015DE9E /* Info.plist */,
			);
			path = "Demo Watch";
			sourceTree = "<group>";
		};
		34E5891C1E10D13C0015DE9E /* Demo Watch Extension */ = {
			isa = PBXGroup;
			children = (
				34E5891D1E10D13C0015DE9E /* InterfaceController.h */,
				34E5891E1E10D13C0015DE9E /* InterfaceController.m */,
				34E589201E10D13C0015DE9E /* ExtensionDelegate.h */,
				34E589211E10D13C0015DE9E /* ExtensionDelegate.m */,
				34E589231E10D13C0015DE9E /* Assets.xcassets */,
				34E589251E10D13C0015DE9E /* Info.plist */,
			);
			path = "Demo Watch Extension";
			sourceTree = "<group>";
		};
		34E589361E10D1740015DE9E /* Frameworks */ = {
			isa = PBXGroup;
			children = (
				34E589371E10D1740015DE9E /* NotificationCenter.framework */,
			);
			name = Frameworks;
			sourceTree = "<group>";
		};
		34E589391E10D1740015DE9E /* Demo Today */ = {
			isa = PBXGroup;
			children = (
				34E5893A1E10D1740015DE9E /* TodayViewController.h */,
				34E5893B1E10D1740015DE9E /* TodayViewController.m */,
				34E5893D1E10D1740015DE9E /* MainInterface.storyboard */,
				34E589401E10D1740015DE9E /* Info.plist */,
			);
			path = "Demo Today";
			sourceTree = "<group>";
		};
/* End PBXGroup section */

/* Begin PBXNativeTarget section */
		34E588EF1E10D0B30015DE9E /* Demo */ = {
			isa = PBXNativeTarget;
			buildConfigurationList = 34E589071E10D0B30015DE9E /* Build configuration list for PBXNativeTarget "Demo" */;
			buildPhases = (
				34E588EC1E10D0B30015DE9E /* Sources */,
				34E588ED1E10D0B30015DE9E /* Frameworks */,
				34E588EE1E10D0B30015DE9E /* Resources */,
				34E589301E10D13C0015DE9E /* Embed Watch Content */,
				34E589471E10D1740015DE9E /* Embed App Extensions */,
			);
			buildRules = (
			);
			dependencies = (
				34E589271E10D13C0015DE9E /* PBXTargetDependency */,
				34E589421E10D1740015DE9E /* PBXTargetDependency */,
			);
			name = Demo;
			productName = Demo;
			productReference = 34E588F01E10D0B30015DE9E /* Demo.app */;
			productType = "com.apple.product-type.application";
		};
		34E5890B1E10D13C0015DE9E /* Demo Watch */ = {
			isa = PBXNativeTarget;
			buildConfigurationList = 34E5892D1E10D13C0015DE9E /* Build configuration list for PBXNativeTarget "Demo Watch" */;
			buildPhases = (
				34E5890A1E10D13C0015DE9E /* Resources */,
				34E5892C1E10D13C0015DE9E /* Embed App Extensions */,
			);
			buildRules = (
			);
			dependencies = (
				34E5891B1E10D13C0015DE9E /* PBXTargetDependency */,
			);
			name = "Demo Watch";
			productName = "Demo Watch";
			productReference = 34E5890C1E10D13C0015DE9E /* Demo Watch.app */;
			productType = "com.apple.product-type.application.watchapp2";
		};
		34E589171E10D13C0015DE9E /* Demo Watch Extension */ = {
			isa = PBXNativeTarget;
			buildConfigurationList = 34E589291E10D13C0015DE9E /* Build configuration list for PBXNativeTarget "Demo Watch Extension" */;
			buildPhases = (
				34E589141E10D13C0015DE9E /* Sources */,
				34E589151E10D13C0015DE9E /* Frameworks */,
				34E589161E10D13C0015DE9E /* Resources */,
			);
			buildRules = (
			);
			dependencies = (
			);
			name = "Demo Watch Extension";
			productName = "Demo Watch Extension";
			productReference = 34E589181E10D13C0015DE9E /* Demo Watch Extension.appex */;
			productType = "com.apple.product-type.watchkit2-extension";
		};
		34E589341E10D1740015DE9E /* Demo Today */ = {
			isa = PBXNativeTarget;
			buildConfigurationList = 34E589441E10D1740015DE9E /* Build configuration list for PBXNativeTarget "Demo Today" */;
			buildPhases = (
				34E589311E10D1740015DE9E /* Sources */,
				34E589321E10D1740015DE9E /* Frameworks */,
				34E589331E10D1740015DE9E /* Resources */,
			);
			buildRules = (
			);
			dependencies = (
			);
			name = "Demo Today";
			productName = "Demo Today";
			productReference = 34E589351E10D1740015DE9E /* Demo Today.appex */;
			productType = "com.apple.product-type.app-extension";
		};
/* End PBXNativeTarget section */

/* Begin PBXProject section */
		34E588E81E10D0B30015DE9E /* Project object */ = {
			isa = PBXProject;
			attributes = {
				LastUpgradeCheck = 0820;
				ORGANIZATIONNAME = ungacy;
				TargetAttributes = {
					34E588EF1E10D0B30015DE9E = {
						CreatedOnToolsVersion = 8.2;
						ProvisioningStyle = Automatic;
					};
					34E5890B1E10D13C0015DE9E = {
						CreatedOnToolsVersion = 8.2;
						ProvisioningStyle = Automatic;
					};
					34E589171E10D13C0015DE9E = {
						CreatedOnToolsVersion = 8.2;
						ProvisioningStyle = Automatic;
					};
					34E589341E10D1740015DE9E = {
						CreatedOnToolsVersion = 8.2;
						ProvisioningStyle = Automatic;
					};
				};
			};
			buildConfigurationList = 34E588EB1E10D0B30015DE9E /* Build configuration list for PBXProject "Demo" */;
			compatibilityVersion = "Xcode 3.2";
			developmentRegion = English;
			hasScannedForEncodings = 0;
			knownRegions = (
				en,
				Base,
			);
			mainGroup = 34E588E71E10D0B30015DE9E;
			productRefGroup = 34E588F11E10D0B30015DE9E /* Products */;
			projectDirPath = "";
			projectRoot = "";
			targets = (
				34E588EF1E10D0B30015DE9E /* Demo */,
				34E5890B1E10D13C0015DE9E /* Demo Watch */,
				34E589171E10D13C0015DE9E /* Demo Watch Extension */,
				34E589341E10D1740015DE9E /* Demo Today */,
			);
		};
/* End PBXProject section */

/* Begin PBXResourcesBuildPhase section */
		34E588EE1E10D0B30015DE9E /* Resources */ = {
			isa = PBXResourcesBuildPhase;
			buildActionMask = 2147483647;
			files = (
				34E589031E10D0B30015DE9E /* LaunchScreen.storyboard in Resources */,
				34E589001E10D0B30015DE9E /* Assets.xcassets in Resources */,
				34E588FE1E10D0B30015DE9E /* Main.storyboard in Resources */,
			);
			runOnlyForDeploymentPostprocessing = 0;
		};
		34E5890A1E10D13C0015DE9E /* Resources */ = {
			isa = PBXResourcesBuildPhase;
			buildActionMask = 2147483647;
			files = (
				34E589121E10D13C0015DE9E /* Assets.xcassets in Resources */,
				34E589101E10D13C0015DE9E /* Interface.storyboard in Resources */,
			);
			runOnlyForDeploymentPostprocessing = 0;
		};
		34E589161E10D13C0015DE9E /* Resources */ = {
			isa = PBXResourcesBuildPhase;
			buildActionMask = 2147483647;
			files = (
				34E589241E10D13C0015DE9E /* Assets.xcassets in Resources */,
			);
			runOnlyForDeploymentPostprocessing = 0;
		};
		34E589331E10D1740015DE9E /* Resources */ = {
			isa = PBXResourcesBuildPhase;
			buildActionMask = 2147483647;
			files = (
				34E5893F1E10D1740015DE9E /* MainInterface.storyboard in Resources */,
			);
			runOnlyForDeploymentPostprocessing = 0;
		};
/* End PBXResourcesBuildPhase section */

/* Begin PBXSourcesBuildPhase section */
		34E588EC1E10D0B30015DE9E /* Sources */ = {
			isa = PBXSourcesBuildPhase;
			buildActionMask = 2147483647;
			files = (
				34E588FB1E10D0B30015DE9E /* ViewController.m in Sources */,
				34E588F81E10D0B30015DE9E /* AppDelegate.m in Sources */,
				34E588F51E10D0B30015DE9E /* main.m in Sources */,
			);
			runOnlyForDeploymentPostprocessing = 0;
		};
		34E589141E10D13C0015DE9E /* Sources */ = {
			isa = PBXSourcesBuildPhase;
			buildActionMask = 2147483647;
			files = (
				34E589221E10D13C0015DE9E /* ExtensionDelegate.m in Sources */,
				34E5891F1E10D13C0015DE9E /* InterfaceController.m in Sources */,
			);
			runOnlyForDeploymentPostprocessing = 0;
		};
		34E589311E10D1740015DE9E /* Sources */ = {
			isa = PBXSourcesBuildPhase;
			buildActionMask = 2147483647;
			files = (
				34E5893C1E10D1740015DE9E /* TodayViewController.m in Sources */,
			);
			runOnlyForDeploymentPostprocessing = 0;
		};
/* End PBXSourcesBuildPhase section */

/* Begin PBXTargetDependency section */
		34E5891B1E10D13C0015DE9E /* PBXTargetDependency */ = {
			isa = PBXTargetDependency;
			target = 34E589171E10D13C0015DE9E /* Demo Watch Extension */;
			targetProxy = 34E5891A1E10D13C0015DE9E /* PBXContainerItemProxy */;
		};
		34E589271E10D13C0015DE9E /* PBXTargetDependency */ = {
			isa = PBXTargetDependency;
			target = 34E5890B1E10D13C0015DE9E /* Demo Watch */;
			targetProxy = 34E589261E10D13C0015DE9E /* PBXContainerItemProxy */;
		};
		34E589421E10D1740015DE9E /* PBXTargetDependency */ = {
			isa = PBXTargetDependency;
			target = 34E589341E10D1740015DE9E /* Demo Today */;
			targetProxy = 34E589411E10D1740015DE9E /* PBXContainerItemProxy */;
		};
/* End PBXTargetDependency section */

/* Begin PBXVariantGroup section */
		34E588FC1E10D0B30015DE9E /* Main.storyboard */ = {
			isa = PBXVariantGroup;
			children = (
				34E588FD1E10D0B30015DE9E /* Base */,
			);
			name = Main.storyboard;
			sourceTree = "<group>";
		};
		34E589011E10D0B30015DE9E /* LaunchScreen.storyboard */ = {
			isa = PBXVariantGroup;
			children = (
				34E589021E10D0B30015DE9E /* Base */,
			);
			name = LaunchScreen.storyboard;
			sourceTree = "<group>";
		};
		34E5890E1E10D13C0015DE9E /* Interface.storyboard */ = {
			isa = PBXVariantGroup;
			children = (
				34E5890F1E10D13C0015DE9E /* Base */,
			);
			name = Interface.storyboard;
			sourceTree = "<group>";
		};
		34E5893D1E10D1740015DE9E /* MainInterface.storyboard */ = {
			isa = PBXVariantGroup;
			children = (
				34E5893E1E10D1740015DE9E /* Base */,
			);
			name = MainInterface.storyboard;
			sourceTree = "<group>";
		};
/* End PBXVariantGroup section */

/* Begin XCBuildConfiguration section */
		34E589051E10D0B30015DE9E /* Debug */ = {
			isa = XCBuildConfiguration;
			buildSettings = {
				ALWAYS_SEARCH_USER_PATHS = NO;
				CLANG_ANALYZER_NONNULL = YES;
				CLANG_CXX_LANGUAGE_STANDARD = "gnu++0x";
				CLANG_CXX_LIBRARY = "libc++";
				CLANG_ENABLE_MODULES = YES;
				CLANG_ENABLE_OBJC_ARC = YES;
				CLANG_WARN_BOOL_CONVERSION = YES;
				CLANG_WARN_CONSTANT_CONVERSION = YES;
				CLANG_WARN_DIRECT_OBJC_ISA_USAGE = YES_ERROR;
				CLANG_WARN_DOCUMENTATION_COMMENTS = YES;
				CLANG_WARN_EMPTY_BODY = YES;
				CLANG_WARN_ENUM_CONVERSION = YES;
				CLANG_WARN_INFINITE_RECURSION = YES;
				CLANG_WARN_INT_CONVERSION = YES;
				CLANG_WARN_OBJC_ROOT_CLASS = YES_ERROR;
				CLANG_WARN_SUSPICIOUS_MOVE = YES;
				CLANG_WARN_UNREACHABLE_CODE = YES;
				CLANG_WARN__DUPLICATE_METHOD_MATCH = YES;
				"CODE_SIGN_IDENTITY[sdk=iphoneos*]" = "iPhone Developer";
				COPY_PHASE_STRIP = NO;
				DEBUG_INFORMATION_FORMAT = dwarf;
				ENABLE_STRICT_OBJC_MSGSEND = YES;
				ENABLE_TESTABILITY = YES;
				GCC_C_LANGUAGE_STANDARD = gnu99;
				GCC_DYNAMIC_NO_PIC = NO;
				GCC_NO_COMMON_BLOCKS = YES;
				GCC_OPTIMIZATION_LEVEL = 0;
				GCC_PREPROCESSOR_DEFINITIONS = (
					"DEBUG=1",
					"$(inherited)",
				);
				GCC_WARN_64_TO_32_BIT_CONVERSION = YES;
				GCC_WARN_ABOUT_RETURN_TYPE = YES_ERROR;
				GCC_WARN_UNDECLARED_SELECTOR = YES;
				GCC_WARN_UNINITIALIZED_AUTOS = YES_AGGRESSIVE;
				GCC_WARN_UNUSED_FUNCTION = YES;
				GCC_WARN_UNUSED_VARIABLE = YES;
				IPHONEOS_DEPLOYMENT_TARGET = 10.2;
				MTL_ENABLE_DEBUG_INFO = YES;
				ONLY_ACTIVE_ARCH = YES;
				SDKROOT = iphoneos;
			};
			name = Debug;
		};
		34E589061E10D0B30015DE9E /* Release */ = {
			isa = XCBuildConfiguration;
			buildSettings = {
				ALWAYS_SEARCH_USER_PATHS = NO;
				CLANG_ANALYZER_NONNULL = YES;
				CLANG_CXX_LANGUAGE_STANDARD = "gnu++0x";
				CLANG_CXX_LIBRARY = "libc++";
				CLANG_ENABLE_MODULES = YES;
				CLANG_ENABLE_OBJC_ARC = YES;
				CLANG_WARN_BOOL_CONVERSION = YES;
				CLANG_WARN_CONSTANT_CONVERSION = YES;
				CLANG_WARN_DIRECT_OBJC_ISA_USAGE = YES_ERROR;
				CLANG_WARN_DOCUMENTATION_COMMENTS = YES;
				CLANG_WARN_EMPTY_BODY = YES;
				CLANG_WARN_ENUM_CONVERSION = YES;
				CLANG_WARN_INFINITE_RECURSION = YES;
				CLANG_WARN_INT_CONVERSION = YES;
				CLANG_WARN_OBJC_ROOT_CLASS = YES_ERROR;
				CLANG_WARN_SUSPICIOUS_MOVE = YES;
				CLANG_WARN_UNREACHABLE_CODE = YES;
				CLANG_WARN__DUPLICATE_METHOD_MATCH = YES;
				"CODE_SIGN_IDENTITY[sdk=iphoneos*]" = "iPhone Developer";
				COPY_PHASE_STRIP = NO;
				DEBUG_INFORMATION_FORMAT = "dwarf-with-dsym";
				ENABLE_NS_ASSERTIONS = NO;
				ENABLE_STRICT_OBJC_MSGSEND = YES;
				GCC_C_LANGUAGE_STANDARD = gnu99;
				GCC_NO_COMMON_BLOCKS = YES;
				GCC_WARN_64_TO_32_BIT_CONVERSION = YES;
				GCC_WARN_ABOUT_RETURN_TYPE = YES_ERROR;
				GCC_WARN_UNDECLARED_SELECTOR = YES;
				GCC_WARN_UNINITIALIZED_AUTOS = YES_AGGRESSIVE;
				GCC_WARN_UNUSED_FUNCTION = YES;
				GCC_WARN_UNUSED_VARIABLE = YES;
				IPHONEOS_DEPLOYMENT_TARGET = 10.2;
				MTL_ENABLE_DEBUG_INFO = NO;
				SDKROOT = iphoneos;
				VALIDATE_PRODUCT = YES;
			};
			name = Release;
		};
		34E589081E10D0B30015DE9E /* Debug */ = {
			isa = XCBuildConfiguration;
			buildSettings = {
				ASSETCATALOG_COMPILER_APPICON_NAME = AppIcon;
				"CODE_SIGN_IDENTITY[sdk=iphoneos*]" = "iPhone Developer";
				DEVELOPMENT_TEAM = "";
				INFOPLIST_FILE = Demo/Info.plist;
				LD_RUNPATH_SEARCH_PATHS = "$(inherited) @executable_path/Frameworks";
				PRODUCT_BUNDLE_IDENTIFIER = com.ungacy.Demo;
				PRODUCT_NAME = "$(TARGET_NAME)";
			};
			name = Debug;
		};
		34E589091E10D0B30015DE9E /* Release */ = {
			isa = XCBuildConfiguration;
			buildSettings = {
				ASSETCATALOG_COMPILER_APPICON_NAME = AppIcon;
				"CODE_SIGN_IDENTITY[sdk=iphoneos*]" = "iPhone Developer";
				DEVELOPMENT_TEAM = "";
				INFOPLIST_FILE = Demo/Info.plist;
				LD_RUNPATH_SEARCH_PATHS = "$(inherited) @executable_path/Frameworks";
				PRODUCT_BUNDLE_IDENTIFIER = com.ungacy.Demo;
				PRODUCT_NAME = "$(TARGET_NAME)";
				PROVISIONING_PROFILE_SPECIFIER = "";
			};
			name = Release;
		};
		34E5892A1E10D13C0015DE9E /* Debug */ = {
			isa = XCBuildConfiguration;
			buildSettings = {
				ASSETCATALOG_COMPILER_COMPLICATION_NAME = Complication;
				"CODE_SIGN_IDENTITY[sdk=watchos*]" = "iPhone Developer";
				DEVELOPMENT_TEAM = "";
				INFOPLIST_FILE = "Demo Watch Extension/Info.plist";
				LD_RUNPATH_SEARCH_PATHS = "$(inherited) @executable_path/Frameworks @executable_path/../../Frameworks";
				PRODUCT_BUNDLE_IDENTIFIER = com.ungacy.Demo.watchkitapp.watchkitextension;
				PRODUCT_NAME = "${TARGET_NAME}";
				SDKROOT = watchos;
				SKIP_INSTALL = YES;
				TARGETED_DEVICE_FAMILY = 4;
				WATCHOS_DEPLOYMENT_TARGET = 3.1;
			};
			name = Debug;
		};
		34E5892B1E10D13C0015DE9E /* Release */ = {
			isa = XCBuildConfiguration;
			buildSettings = {
				ASSETCATALOG_COMPILER_COMPLICATION_NAME = Complication;
				"CODE_SIGN_IDENTITY[sdk=watchos*]" = "iPhone Developer";
				DEVELOPMENT_TEAM = "";
				INFOPLIST_FILE = "Demo Watch Extension/Info.plist";
				LD_RUNPATH_SEARCH_PATHS = "$(inherited) @executable_path/Frameworks @executable_path/../../Frameworks";
				PRODUCT_BUNDLE_IDENTIFIER = com.ungacy.Demo.watchkitapp.watchkitextension;
				PRODUCT_NAME = "${TARGET_NAME}";
				PROVISIONING_PROFILE_SPECIFIER = "";
				SDKROOT = watchos;
				SKIP_INSTALL = YES;
				TARGETED_DEVICE_FAMILY = 4;
				WATCHOS_DEPLOYMENT_TARGET = 3.1;
			};
			name = Release;
		};
		34E5892E1E10D13C0015DE9E /* Debug */ = {
			isa = XCBuildConfiguration;
			buildSettings = {
				ASSETCATALOG_COMPILER_APPICON_NAME = AppIcon;
				"CODE_SIGN_IDENTITY[sdk=watchos*]" = "iPhone Developer";
				DEVELOPMENT_TEAM = "";
				IBSC_MODULE = Demo_Watch_Extension;
				INFOPLIST_FILE = "Demo Watch/Info.plist";
				PRODUCT_BUNDLE_IDENTIFIER = com.ungacy.Demo.watchkitapp;
				PRODUCT_NAME = "$(TARGET_NAME)";
				SDKROOT = watchos;
				SKIP_INSTALL = YES;
				TARGETED_DEVICE_FAMILY = 4;
				WATCHOS_DEPLOYMENT_TARGET = 3.1;
			};
			name = Debug;
		};
		34E5892F1E10D13C0015DE9E /* Release */ = {
			isa = XCBuildConfiguration;
			buildSettings = {
				ASSETCATALOG_COMPILER_APPICON_NAME = AppIcon;
				"CODE_SIGN_IDENTITY[sdk=watchos*]" = "iPhone Developer";
				DEVELOPMENT_TEAM = "";
				IBSC_MODULE = Demo_Watch_Extension;
				INFOPLIST_FILE = "Demo Watch/Info.plist";
				PRODUCT_BUNDLE_IDENTIFIER = com.ungacy.Demo.watchkitapp;
				PRODUCT_NAME = "$(TARGET_NAME)";
				PROVISIONING_PROFILE_SPECIFIER = "";
				SDKROOT = watchos;
				SKIP_INSTALL = YES;
				TARGETED_DEVICE_FAMILY = 4;
				WATCHOS_DEPLOYMENT_TARGET = 3.1;
			};
			name = Release;
		};
		34E589451E10D1740015DE9E /* Debug */ = {
			isa = XCBuildConfiguration;
			buildSettings = {
				"CODE_SIGN_IDENTITY[sdk=iphoneos*]" = "iPhone Developer";
				DEVELOPMENT_TEAM = "";
				INFOPLIST_FILE = "Demo Today/Info.plist";
				LD_RUNPATH_SEARCH_PATHS = "$(inherited) @executable_path/Frameworks @executable_path/../../Frameworks";
				PRODUCT_BUNDLE_IDENTIFIER = "com.ungacy.Demo.Demo-Today";
				PRODUCT_NAME = "$(TARGET_NAME)";
				SKIP_INSTALL = YES;
			};
			name = Debug;
		};
		34E589461E10D1740015DE9E /* Release */ = {
			isa = XCBuildConfiguration;
			buildSettings = {
				"CODE_SIGN_IDENTITY[sdk=iphoneos*]" = "iPhone Developer";
				DEVELOPMENT_TEAM = "";
				INFOPLIST_FILE = "Demo Today/Info.plist";
				LD_RUNPATH_SEARCH_PATHS = "$(inherited) @executable_path/Frameworks @executable_path/../../Frameworks";
				PRODUCT_BUNDLE_IDENTIFIER = "com.ungacy.Demo.Demo-Today";
				PRODUCT_NAME = "$(TARGET_NAME)";
				PROVISIONING_PROFILE_SPECIFIER = "";
				SKIP_INSTALL = YES;
			};
			name = Release;
		};
/* End XCBuildConfiguration section */

/* Begin XCConfigurationList section */
		34E588EB1E10D0B30015DE9E /* Build configuration list for PBXProject "Demo" */ = {
			isa = XCConfigurationList;
			buildConfigurations = (
				34E589051E10D0B30015DE9E /* Debug */,
				34E589061E10D0B30015DE9E /* Release */,
			);
			defaultConfigurationIsVisible = 0;
			defaultConfigurationName = Release;
		};
		34E589071E10D0B30015DE9E /* Build configuration list for PBXNativeTarget "Demo" */ = {
			isa = XCConfigurationList;
			buildConfigurations = (
				34E589081E10D0B30015DE9E /* Debug */,
				34E589091E10D0B30015DE9E /* Release */,
			);
			defaultConfigurationIsVisible = 0;
			defaultConfigurationName = Release;
		};
		34E589291E10D13C0015DE9E /* Build configuration list for PBXNativeTarget "Demo Watch Extension" */ = {
			isa = XCConfigurationList;
			buildConfigurations = (
				34E5892A1E10D13C0015DE9E /* Debug */,
				34E5892B1E10D13C0015DE9E /* Release */,
			);
			defaultConfigurationIsVisible = 0;
			defaultConfigurationName = Release;
		};
		34E5892D1E10D13C0015DE9E /* Build configuration list for PBXNativeTarget "Demo Watch" */ = {
			isa = XCConfigurationList;
			buildConfigurations = (
				34E5892E1E10D13C0015DE9E /* Debug */,
				34E5892F1E10D13C0015DE9E /* Release */,
			);
			defaultConfigurationIsVisible = 0;
			defaultConfigurationName = Release;
		};
		34E589441E10D1740015DE9E /* Build configuration list for PBXNativeTarget "Demo Today" */ = {
			isa = XCConfigurationList;
			buildConfigurations = (
				34E589451E10D1740015DE9E /* Debug */,
				34E589461E10D1740015DE9E /* Release */,
			);
			defaultConfigurationIsVisible = 0;
			defaultConfigurationName = Release;
		};
/* End XCConfigurationList section */
	};
	rootObject = 34E588E81E10D0B30015DE9E /* Project object */;
}
